Microsoft Visual Studio Solution File, Format Version 12.00
# Visual Studio Version 16
VisualStudioVersion = 16.0.0.0
MinimumVisualStudioVersion = 16.0.0.0
Project("{9A19103F-16F7-4668-BE54-9A1E7A4F7556}") = "SocialMedia.Front", "SocialMedia.Front\SocialMedia.Front.csproj", "{C7AC60F6-4B59-48F9-AC86-F1390DF8FF1B}"
EndProject
Project("{9A19103F-16F7-4668-BE54-9A1E7A4F7556}") = "SocialMedia.Front.Client", "SocialMedia.Front.Client\SocialMedia.Front.Client.csproj", "{25404743-5CE5-452F-AB13-89F5AC1B435A}"
EndProject
Global
	GlobalSection(SolutionConfigurationPlatforms) = preSolution
		Debug|Any CPU = Debug|Any CPU
		Debug|x64 = Debug|x64
		Debug|x86 = Debug|x86
		Release|Any CPU = Release|Any CPU
		Release|x64 = Release|x64
		Release|x86 = Release|x86
	EndGlobalSection
	GlobalSection(ProjectConfigurationPlatforms) = postSolution
		{25404743-5CE5-452F-AB13-89F5AC1B435A}.Debug|Any CPU.ActiveCfg = Debug|Any CPU
		{25404743-5CE5-452F-AB13-89F5AC1B435A}.Debug|Any CPU.Build.0 = Debug|Any CPU
		{25404743-5CE5-452F-AB13-89F5AC1B435A}.Debug|x64.ActiveCfg = Debug|Any CPU
		{25404743-5CE5-452F-AB13-89F5AC1B435A}.Debug|x64.Build.0 = Debug|Any CPU
		{25404743-5CE5-452F-AB13-89F5AC1B435A}.Debug|x86.ActiveCfg = Debug|Any CPU
		{25404743-5CE5-452F-AB13-89F5AC1B435A}.Debug|x86.Build.0 = Debug|Any CPU
		{25404743-5CE5-452F-AB13-89F5AC1B435A}.Release|Any CPU.ActiveCfg = Release|Any CPU
		{25404743-5CE5-452F-AB13-89F5AC1B435A}.Release|Any CPU.Build.0 = Release|Any CPU
		{25404743-5CE5-452F-AB13-89F5AC1B435A}.Release|x64.ActiveCfg = Release|Any CPU
		{25404743-5CE5-452F-AB13-89F5AC1B435A}.Release|x64.Build.0 = Release|Any CPU
		{25404743-5CE5-452F-AB13-89F5AC1B435A}.Release|x86.ActiveCfg = Release|Any CPU
		{25404743-5CE5-452F-AB13-89F5AC1B435A}.Release|x86.Build.0 = Release|Any CPU
		{C7AC60F6-4B59-48F9-AC86-F1390DF8FF1B}.Debug|Any CPU.ActiveCfg = Debug|Any CPU
		{C7AC60F6-4B59-48F9-AC86-F1390DF8FF1B}.Debug|Any CPU.Build.0 = Debug|Any CPU
		{C7AC60F6-4B59-48F9-AC86-F1390DF8FF1B}.Debug|x64.ActiveCfg = Debug|Any CPU
		{C7AC60F6-4B59-48F9-AC86-F1390DF8FF1B}.Debug|x64.Build.0 = Debug|Any CPU
		{C7AC60F6-4B59-48F9-AC86-F1390DF8FF1B}.Debug|x86.ActiveCfg = Debug|Any CPU
		{C7AC60F6-4B59-48F9-AC86-F1390DF8FF1B}.Debug|x86.Build.0 = Debug|Any CPU
		{C7AC60F6-4B59-48F9-AC86-F1390DF8FF1B}.Release|Any CPU.ActiveCfg = Release|Any CPU
		{C7AC60F6-4B59-48F9-AC86-F1390DF8FF1B}.Release|Any CPU.Build.0 = Release|Any CPU
		{C7AC60F6-4B59-48F9-AC86-F1390DF8FF1B}.Release|x64.ActiveCfg = Release|Any CPU
		{C7AC60F6-4B59-48F9-AC86-F1390DF8FF1B}.Release|x64.Build.0 = Release|Any CPU
		{C7AC60F6-4B59-48F9-AC86-F1390DF8FF1B}.Release|x86.ActiveCfg = Release|Any CPU
		{C7AC60F6-4B59-48F9-AC86-F1390DF8FF1B}.Release|x86.Build.0 = Release|Any CPU
	EndGlobalSection
	GlobalSection(SolutionProperties) = preSolution
		HideSolutionNode = FALSE
	EndGlobalSection
	GlobalSection(ExtensibilityGlobals) = postSolution
		SolutionGuid = {3CA71CD8-CAE2-4EA9-B572-66557A8393F1}
	EndGlobalSection
EndGlobal
